
Microsoft Visual Studio Solution File, Format Version 12.00
# Visual Studio Version 16
VisualStudioVersion = 16.0.30104.148
MinimumVisualStudioVersion = 10.0.40219.1
Project("{F2A71F9B-5D33-465A-A702-920D77279786}") = "FSharp.Interop.ComProvider", "Src\FSharp.Interop.ComProvider.fsproj", "{7E90D6CE-A10B-4858-A5BC-41DF7250CBCA}"
EndProject
Global
	GlobalSection(SolutionConfigurationPlatforms) = preSolution
		Debug|Any CPU = Debug|Any CPU
		Release|Any CPU = Release|Any CPU
	EndGlobalSection
	GlobalSection(ProjectConfigurationPlatforms) = postSolution
		{7E90D6CE-A10B-4858-A5BC-41DF7250CBCA}.Debug|Any CPU.ActiveCfg = Debug|Any CPU
		{7E90D6CE-A10B-4858-A5BC-41DF7250CBCA}.Debug|Any CPU.Build.0 = Debug|Any CPU
		{7E90D6CE-A10B-4858-A5BC-41DF7250CBCA}.Release|Any CPU.ActiveCfg = Release|Any CPU
		{7E90D6CE-A10B-4858-A5BC-41DF7250CBCA}.Release|Any CPU.Build.0 = Release|Any CPU
	EndGlobalSection
	GlobalSection(SolutionProperties) = preSolution
		HideSolutionNode = FALSE
	EndGlobalSection
	GlobalSection(ExtensibilityGlobals) = postSolution
		SolutionGuid = {1F3DE68F-A6BD-41BC-A9C6-96E0D8B4B94A}
	EndGlobalSection
EndGlobal
